
Microsoft Visual Studio Solution File, Format Version 12.00
# Visual Studio Version 17
VisualStudioVersion = 17.4.33205.214
MinimumVisualStudioVersion = 10.0.40219.1
Project("{FAE04EC0-301F-11D3-BF4B-00C04F79EFBC}") = "Daire_AlanVEçevre", "Daire_AlanVEçevre\Daire_AlanVEçevre.csproj", "{4236B869-1EE8-4A97-9278-018AFE2EB4A4}"
EndProject
Global
	GlobalSection(SolutionConfigurationPlatforms) = preSolution
		Debug|Any CPU = Debug|Any CPU
		Release|Any CPU = Release|Any CPU
	EndGlobalSection
	GlobalSection(ProjectConfigurationPlatforms) = postSolution
		{4236B869-1EE8-4A97-9278-018AFE2EB4A4}.Debug|Any CPU.ActiveCfg = Debug|Any CPU
		{4236B869-1EE8-4A97-9278-018AFE2EB4A4}.Debug|Any CPU.Build.0 = Debug|Any CPU
		{4236B869-1EE8-4A97-9278-018AFE2EB4A4}.Release|Any CPU.ActiveCfg = Release|Any CPU
		{4236B869-1EE8-4A97-9278-018AFE2EB4A4}.Release|Any CPU.Build.0 = Release|Any CPU
	EndGlobalSection
	GlobalSection(SolutionProperties) = preSolution
		HideSolutionNode = FALSE
	EndGlobalSection
	GlobalSection(ExtensibilityGlobals) = postSolution
		SolutionGuid = {4A3F54DD-0AB0-4C52-B322-D09D9AC2BBED}
	EndGlobalSection
EndGlobal
